
Microsoft Visual Studio Solution File, Format Version 12.00
# Visual Studio 2013
VisualStudioVersion = 12.0.31101.0
MinimumVisualStudioVersion = 10.0.40219.1
Project("{FAE04EC0-301F-11D3-BF4B-00C04F79EFBC}") = "PersonPro.ClintAPP", "PersonPro.ClintAPP\PersonPro.ClintAPP.csproj", "{6B24A93A-0D53-4C84-98F7-908EC4A24D80}"
EndProject
Project("{FAE04EC0-301F-11D3-BF4B-00C04F79EFBC}") = "WebAppAPIs", "WebAppAPIs\WebAppAPIs.csproj", "{A7938E5C-EC50-4A7F-82A8-D631A49631DE}"
EndProject
Global
	GlobalSection(SolutionConfigurationPlatforms) = preSolution
		Debug|Any CPU = Debug|Any CPU
		Release|Any CPU = Release|Any CPU
	EndGlobalSection
	GlobalSection(ProjectConfigurationPlatforms) = postSolution
		{6B24A93A-0D53-4C84-98F7-908EC4A24D80}.Debug|Any CPU.ActiveCfg = Debug|Any CPU
		{6B24A93A-0D53-4C84-98F7-908EC4A24D80}.Debug|Any CPU.Build.0 = Debug|Any CPU
		{6B24A93A-0D53-4C84-98F7-908EC4A24D80}.Release|Any CPU.ActiveCfg = Release|Any CPU
		{6B24A93A-0D53-4C84-98F7-908EC4A24D80}.Release|Any CPU.Build.0 = Release|Any CPU
		{A7938E5C-EC50-4A7F-82A8-D631A49631DE}.Debug|Any CPU.ActiveCfg = Debug|Any CPU
		{A7938E5C-EC50-4A7F-82A8-D631A49631DE}.Debug|Any CPU.Build.0 = Debug|Any CPU
		{A7938E5C-EC50-4A7F-82A8-D631A49631DE}.Release|Any CPU.ActiveCfg = Release|Any CPU
		{A7938E5C-EC50-4A7F-82A8-D631A49631DE}.Release|Any CPU.Build.0 = Release|Any CPU
	EndGlobalSection
	GlobalSection(SolutionProperties) = preSolution
		HideSolutionNode = FALSE
	EndGlobalSection
EndGlobal
